
Microsoft Visual Studio Solution File, Format Version 12.00
Project("{FAE04EC0-301F-11D3-BF4B-00C04F79EFBC}") = "FlightScraper", "FlightScraper\FlightScraper.csproj", "{B7E2C87D-4F22-417B-96DE-ECD79E71FE5B}"
EndProject
Global
	GlobalSection(SolutionConfigurationPlatforms) = preSolution
		Debug|Any CPU = Debug|Any CPU
		Release|Any CPU = Release|Any CPU
	EndGlobalSection
	GlobalSection(ProjectConfigurationPlatforms) = postSolution
		{B7E2C87D-4F22-417B-96DE-ECD79E71FE5B}.Debug|Any CPU.ActiveCfg = Debug|Any CPU
		{B7E2C87D-4F22-417B-96DE-ECD79E71FE5B}.Debug|Any CPU.Build.0 = Debug|Any CPU
		{B7E2C87D-4F22-417B-96DE-ECD79E71FE5B}.Release|Any CPU.ActiveCfg = Release|Any CPU
		{B7E2C87D-4F22-417B-96DE-ECD79E71FE5B}.Release|Any CPU.Build.0 = Release|Any CPU
	EndGlobalSection
EndGlobal
